
Microsoft Visual Studio Solution File, Format Version 12.00
# Visual Studio 15
VisualStudioVersion = 15.0.28307.1401
MinimumVisualStudioVersion = 10.0.40219.1
Project("{FAE04EC0-301F-11D3-BF4B-00C04F79EFBC}") = "ITMVC", "ITMVC\ITMVC.csproj", "{89AFBBF0-9B7C-48EB-95AE-FDBB78C53A1B}"
EndProject
Project("{FAE04EC0-301F-11D3-BF4B-00C04F79EFBC}") = "ITCOMMON", "ITCOMMON\ITCOMMON.csproj", "{2B058066-F77B-4EC6-A787-96C2AC9BE74B}"
EndProject
Project("{FAE04EC0-301F-11D3-BF4B-00C04F79EFBC}") = "ITDB", "ITDB\ITDB.csproj", "{6DCFE9EF-1BC3-4E22-A973-A930FC5A2261}"
EndProject
Global
	GlobalSection(SolutionConfigurationPlatforms) = preSolution
		Debug|Any CPU = Debug|Any CPU
		Release|Any CPU = Release|Any CPU
	EndGlobalSection
	GlobalSection(ProjectConfigurationPlatforms) = postSolution
		{89AFBBF0-9B7C-48EB-95AE-FDBB78C53A1B}.Debug|Any CPU.ActiveCfg = Debug|Any CPU
		{89AFBBF0-9B7C-48EB-95AE-FDBB78C53A1B}.Debug|Any CPU.Build.0 = Debug|Any CPU
		{89AFBBF0-9B7C-48EB-95AE-FDBB78C53A1B}.Release|Any CPU.ActiveCfg = Release|Any CPU
		{89AFBBF0-9B7C-48EB-95AE-FDBB78C53A1B}.Release|Any CPU.Build.0 = Release|Any CPU
		{2B058066-F77B-4EC6-A787-96C2AC9BE74B}.Debug|Any CPU.ActiveCfg = Debug|Any CPU
		{2B058066-F77B-4EC6-A787-96C2AC9BE74B}.Debug|Any CPU.Build.0 = Debug|Any CPU
		{2B058066-F77B-4EC6-A787-96C2AC9BE74B}.Release|Any CPU.ActiveCfg = Release|Any CPU
		{2B058066-F77B-4EC6-A787-96C2AC9BE74B}.Release|Any CPU.Build.0 = Release|Any CPU
		{6DCFE9EF-1BC3-4E22-A973-A930FC5A2261}.Debug|Any CPU.ActiveCfg = Debug|Any CPU
		{6DCFE9EF-1BC3-4E22-A973-A930FC5A2261}.Debug|Any CPU.Build.0 = Debug|Any CPU
		{6DCFE9EF-1BC3-4E22-A973-A930FC5A2261}.Release|Any CPU.ActiveCfg = Release|Any CPU
		{6DCFE9EF-1BC3-4E22-A973-A930FC5A2261}.Release|Any CPU.Build.0 = Release|Any CPU
	EndGlobalSection
	GlobalSection(SolutionProperties) = preSolution
		HideSolutionNode = FALSE
	EndGlobalSection
	GlobalSection(ExtensibilityGlobals) = postSolution
		SolutionGuid = {349B84A4-EEA7-48B2-BB20-D95CE09EFC41}
	EndGlobalSection
EndGlobal
